github.com/mfcochauxlaberge/jsonapi v0.6.1-0.20190309204914-844a5c07a848 h1:FP5x/CZb1/NW/mdq8w224pt4PtBbF75VpyGsmG30fEQ=
github.com/mfcochauxlaberge/jsonapi v0.6.1-0.20190309204914-844a5c07a848/go.mod h1:zwXA9qB4Crk5NJls+bS1eLu7UqAV7cQOZ43WVnCFiPA=
github.com/mfcochauxlaberge/tchek v0.3.0 h1:SFmqbnfjxMbP7yV/FuHioIwYI9tmDtmO9Jd5smGu0KQ=
github.com/mfcochauxlaberge/tchek v0.3.0/go.mod h1:e8jX6VID1Ku1XAZq8lkxRuGfSKIFL9sL7w4E3WDkx7o=
github.com/mitchellh/copystructure v1.0.0 h1:Laisrj+bAB6b/yJwB5Bt3ITZhGJdqmxquMKeZ+mmkFQ=
github.com/mitchellh/copystructure v1.0.0/go.mod h1:SNtv71yrdKgLRyLFxmLdkAbkKEFWgYaq1OVrnRcwhnw=
github.com/mitchellh/reflectwalk v1.0.0 h1:9D+8oIskB4VJBN5SFlmc27fSlIBZaov1Wpk/IfikLNY=
github.com/mitchellh/reflectwalk v1.0.0/go.mod h1:mSTlrgnPZtwu0c4WaC2kGObEpuNDbx0jmZXqmk4esnw=
github.com/myesui/uuid v1.0.0 h1:xCBmH4l5KuvLYc5L7AS7SZg9/jKdIFubM7OVoLqaQUI=
github.com/myesui/uuid v1.0.0/go.mod h1:2CDfNgU0LR8mIdO8vdWd8i9gWWxLlcoIGGpSNgafq84=
